
Microsoft Visual Studio Solution File, Format Version 12.00
# Visual Studio 14
VisualStudioVersion = 14.0.25420.1
MinimumVisualStudioVersion = 10.0.40219.1
Project("{FAE04EC0-301F-11D3-BF4B-00C04F79EFBC}") = "CodeSnippets", "CodeSnippets\CodeSnippets.csproj", "{21597CCD-8836-490C-A6E6-A651C1A73E49}"
EndProject
Project("{FAE04EC0-301F-11D3-BF4B-00C04F79EFBC}") = "Tests", "Tests\Tests.csproj", "{779F9AB6-B175-4DA7-B214-3519A7E0F768}"
EndProject
Global
	GlobalSection(SolutionConfigurationPlatforms) = preSolution
		Debug|Any CPU = Debug|Any CPU
		Release|Any CPU = Release|Any CPU
	EndGlobalSection
	GlobalSection(ProjectConfigurationPlatforms) = postSolution
		{21597CCD-8836-490C-A6E6-A651C1A73E49}.Debug|Any CPU.ActiveCfg = Debug|Any CPU
		{21597CCD-8836-490C-A6E6-A651C1A73E49}.Debug|Any CPU.Build.0 = Debug|Any CPU
		{21597CCD-8836-490C-A6E6-A651C1A73E49}.Release|Any CPU.ActiveCfg = Release|Any CPU
		{21597CCD-8836-490C-A6E6-A651C1A73E49}.Release|Any CPU.Build.0 = Release|Any CPU
		{779F9AB6-B175-4DA7-B214-3519A7E0F768}.Debug|Any CPU.ActiveCfg = Debug|Any CPU
		{779F9AB6-B175-4DA7-B214-3519A7E0F768}.Debug|Any CPU.Build.0 = Debug|Any CPU
		{779F9AB6-B175-4DA7-B214-3519A7E0F768}.Release|Any CPU.ActiveCfg = Release|Any CPU
		{779F9AB6-B175-4DA7-B214-3519A7E0F768}.Release|Any CPU.Build.0 = Release|Any CPU
	EndGlobalSection
	GlobalSection(SolutionProperties) = preSolution
		HideSolutionNode = FALSE
	EndGlobalSection
EndGlobal
